
Microsoft Visual Studio Solution File, Format Version 12.00
# Visual Studio 15
VisualStudioVersion = 15.0.28307.168
MinimumVisualStudioVersion = 10.0.40219.1
Project("{FAE04EC0-301F-11D3-BF4B-00C04F79EFBC}") = "ckeditor", "ckeditor\ckeditor.csproj", "{D2FF0850-6862-42E2-8E88-CEF439CBE6A5}"
EndProject
Global
	GlobalSection(SolutionConfigurationPlatforms) = preSolution
		Debug|Any CPU = Debug|Any CPU
		Release|Any CPU = Release|Any CPU
	EndGlobalSection
	GlobalSection(ProjectConfigurationPlatforms) = postSolution
		{D2FF0850-6862-42E2-8E88-CEF439CBE6A5}.Debug|Any CPU.ActiveCfg = Debug|Any CPU
		{D2FF0850-6862-42E2-8E88-CEF439CBE6A5}.Debug|Any CPU.Build.0 = Debug|Any CPU
		{D2FF0850-6862-42E2-8E88-CEF439CBE6A5}.Release|Any CPU.ActiveCfg = Release|Any CPU
		{D2FF0850-6862-42E2-8E88-CEF439CBE6A5}.Release|Any CPU.Build.0 = Release|Any CPU
	EndGlobalSection
	GlobalSection(SolutionProperties) = preSolution
		HideSolutionNode = FALSE
	EndGlobalSection
	GlobalSection(ExtensibilityGlobals) = postSolution
		SolutionGuid = {6E6219B6-EACE-49B6-8B5A-02B4C2E308F8}
	EndGlobalSection
EndGlobal
